
Microsoft Visual Studio Solution File, Format Version 12.00
Project("{FAE04EC0-301F-11D3-BF4B-00C04F79EFBC}") = "HexGame", "HexGame\HexGame.csproj", "{156628F3-44FB-4E2C-BC40-16F34992581E}"
EndProject
Global
	GlobalSection(SolutionConfigurationPlatforms) = preSolution
		Debug|Any CPU = Debug|Any CPU
		Release|Any CPU = Release|Any CPU
	EndGlobalSection
	GlobalSection(ProjectConfigurationPlatforms) = postSolution
		{156628F3-44FB-4E2C-BC40-16F34992581E}.Debug|Any CPU.ActiveCfg = Debug|Any CPU
		{156628F3-44FB-4E2C-BC40-16F34992581E}.Debug|Any CPU.Build.0 = Debug|Any CPU
		{156628F3-44FB-4E2C-BC40-16F34992581E}.Release|Any CPU.ActiveCfg = Release|Any CPU
		{156628F3-44FB-4E2C-BC40-16F34992581E}.Release|Any CPU.Build.0 = Release|Any CPU
	EndGlobalSection
EndGlobal
